
Microsoft Visual Studio Solution File, Format Version 12.00
# Visual Studio Version 16
VisualStudioVersion = 16.0.30717.126
MinimumVisualStudioVersion = 10.0.40219.1
Project("{FAE04EC0-301F-11D3-BF4B-00C04F79EFBC}") = "RelhaxSandbox", "RelhaxSandbox\RelhaxSandbox.csproj", "{81F2E29A-AF3A-4E03-A864-FDC23F5DD2E8}"
EndProject
Global
	GlobalSection(SolutionConfigurationPlatforms) = preSolution
		Debug|Any CPU = Debug|Any CPU
		Release|Any CPU = Release|Any CPU
	EndGlobalSection
	GlobalSection(ProjectConfigurationPlatforms) = postSolution
		{81F2E29A-AF3A-4E03-A864-FDC23F5DD2E8}.Debug|Any CPU.ActiveCfg = Debug|Any CPU
		{81F2E29A-AF3A-4E03-A864-FDC23F5DD2E8}.Debug|Any CPU.Build.0 = Debug|Any CPU
		{81F2E29A-AF3A-4E03-A864-FDC23F5DD2E8}.Release|Any CPU.ActiveCfg = Release|Any CPU
		{81F2E29A-AF3A-4E03-A864-FDC23F5DD2E8}.Release|Any CPU.Build.0 = Release|Any CPU
	EndGlobalSection
	GlobalSection(SolutionProperties) = preSolution
		HideSolutionNode = FALSE
	EndGlobalSection
	GlobalSection(ExtensibilityGlobals) = postSolution
		SolutionGuid = {194CDD5F-39FC-4A96-A932-0896A624C34A}
	EndGlobalSection
EndGlobal
