
Microsoft Visual Studio Solution File, Format Version 12.00
# Visual Studio 15
VisualStudioVersion = 15.0.28307.136
MinimumVisualStudioVersion = 10.0.40219.1
Project("{7CF6DF6D-3B04-46F8-A40B-537D21BCA0B4}") = "RelhaxDocumentation", "RelhaxDocumentation\RelhaxDocumentation.shfbproj", "{3BED4A6B-CCCA-4821-94C4-21FEA178C786}"
EndProject
Global
	GlobalSection(SolutionConfigurationPlatforms) = preSolution
		Debug|Any CPU = Debug|Any CPU
		Release|Any CPU = Release|Any CPU
	EndGlobalSection
	GlobalSection(ProjectConfigurationPlatforms) = postSolution
		{3BED4A6B-CCCA-4821-94C4-21FEA178C786}.Debug|Any CPU.ActiveCfg = Debug|Any CPU
		{3BED4A6B-CCCA-4821-94C4-21FEA178C786}.Debug|Any CPU.Build.0 = Debug|Any CPU
		{3BED4A6B-CCCA-4821-94C4-21FEA178C786}.Release|Any CPU.ActiveCfg = Release|Any CPU
		{3BED4A6B-CCCA-4821-94C4-21FEA178C786}.Release|Any CPU.Build.0 = Release|Any CPU
	EndGlobalSection
	GlobalSection(SolutionProperties) = preSolution
		HideSolutionNode = FALSE
	EndGlobalSection
	GlobalSection(ExtensibilityGlobals) = postSolution
		SolutionGuid = {6F2916AA-5151-450F-97E8-047D8354FA53}
	EndGlobalSection
EndGlobal
