
Microsoft Visual Studio Solution File, Format Version 12.00
# Visual Studio 15
VisualStudioVersion = 15.0.26430.15
MinimumVisualStudioVersion = 10.0.40219.1
Project("{FAE04EC0-301F-11D3-BF4B-00C04F79EFBC}") = "RelhaxModpack", "RelicModManager\RelhaxModpack.csproj", "{DF74BB4B-6A3F-4102-99AA-9D888D84859F}"
EndProject
Global
	GlobalSection(SolutionConfigurationPlatforms) = preSolution
		Debug|x86 = Debug|x86
		Release|x86 = Release|x86
	EndGlobalSection
	GlobalSection(ProjectConfigurationPlatforms) = postSolution
		{DF74BB4B-6A3F-4102-99AA-9D888D84859F}.Debug|x86.ActiveCfg = Debug|x86
		{DF74BB4B-6A3F-4102-99AA-9D888D84859F}.Debug|x86.Build.0 = Debug|x86
		{DF74BB4B-6A3F-4102-99AA-9D888D84859F}.Release|x86.ActiveCfg = Debug|x86
		{DF74BB4B-6A3F-4102-99AA-9D888D84859F}.Release|x86.Build.0 = Debug|x86
	EndGlobalSection
	GlobalSection(SolutionProperties) = preSolution
		HideSolutionNode = FALSE
	EndGlobalSection
EndGlobal
