
Microsoft Visual Studio Solution File, Format Version 12.00
# Visual Studio Version 16
VisualStudioVersion = 16.0.30503.244
MinimumVisualStudioVersion = 10.0.40219.1
Project("{FAE04EC0-301F-11D3-BF4B-00C04F79EFBC}") = "RelhaxModpack", "RelhaxModpack\RelhaxModpack.csproj", "{F59D2189-09C4-4C10-96A2-6D5217FF4CA2}"
EndProject
Project("{FAE04EC0-301F-11D3-BF4B-00C04F79EFBC}") = "RelhaxUnitTests", "RelhaxUnitTests\RelhaxUnitTests.csproj", "{F7B9D482-002D-4498-86F2-9844FE5C688A}"
EndProject
Project("{FAE04EC0-301F-11D3-BF4B-00C04F79EFBC}") = "RelhaxUnitTestsInstaller", "RelhaxInstallerUnitTester\RelhaxUnitTestsInstaller.csproj", "{87BE375D-F137-40B9-8136-F5302A181E32}"
EndProject
Global
	GlobalSection(SolutionConfigurationPlatforms) = preSolution
		Debug|Any CPU = Debug|Any CPU
		Release|Any CPU = Release|Any CPU
	EndGlobalSection
	GlobalSection(ProjectConfigurationPlatforms) = postSolution
		{F59D2189-09C4-4C10-96A2-6D5217FF4CA2}.Debug|Any CPU.ActiveCfg = Debug|Any CPU
		{F59D2189-09C4-4C10-96A2-6D5217FF4CA2}.Debug|Any CPU.Build.0 = Debug|Any CPU
		{F59D2189-09C4-4C10-96A2-6D5217FF4CA2}.Release|Any CPU.ActiveCfg = Release|Any CPU
		{F59D2189-09C4-4C10-96A2-6D5217FF4CA2}.Release|Any CPU.Build.0 = Release|Any CPU
		{F7B9D482-002D-4498-86F2-9844FE5C688A}.Debug|Any CPU.ActiveCfg = Debug|Any CPU
		{F7B9D482-002D-4498-86F2-9844FE5C688A}.Debug|Any CPU.Build.0 = Debug|Any CPU
		{F7B9D482-002D-4498-86F2-9844FE5C688A}.Release|Any CPU.ActiveCfg = Release|Any CPU
		{F7B9D482-002D-4498-86F2-9844FE5C688A}.Release|Any CPU.Build.0 = Release|Any CPU
		{87BE375D-F137-40B9-8136-F5302A181E32}.Debug|Any CPU.ActiveCfg = Debug|Any CPU
		{87BE375D-F137-40B9-8136-F5302A181E32}.Debug|Any CPU.Build.0 = Debug|Any CPU
		{87BE375D-F137-40B9-8136-F5302A181E32}.Release|Any CPU.ActiveCfg = Release|Any CPU
		{87BE375D-F137-40B9-8136-F5302A181E32}.Release|Any CPU.Build.0 = Release|Any CPU
	EndGlobalSection
	GlobalSection(SolutionProperties) = preSolution
		HideSolutionNode = FALSE
	EndGlobalSection
	GlobalSection(ExtensibilityGlobals) = postSolution
		SolutionGuid = {F17F6F5D-1AE5-4472-9605-FF05B8E0950A}
	EndGlobalSection
EndGlobal
